{
  "name": "js-zrim-core",
  "version": "0.2.4",
  "lockfileVersion": 1,
  "requires": true,
  "dependencies": {
    "abbrev": {
      "version": "1.0.9",
      "resolved": "http://npm.ubiservices.ubi.com/abbrev/-/abbrev-1.0.9/91b4792588a7738c25f35dd6f63752a2f8776135.tgz",
      "integrity": "sha1-kbR5JYinc4wl813W9jdSovh3YTU=",
      "dev": true
    },
    "align-text": {
      "version": "0.1.4",
      "resolved": "http://npm.ubiservices.ubi.com/align-text/-/align-text-0.1.4/0cd90a561093f35d0a99256c22b7069433fad117.tgz",
      "integrity": "sha1-DNkKVhCT810KmSVsIrcGlDP60Rc=",
      "dev": true,
      "requires": {
        "kind-of": "3.2.2",
        "longest": "1.0.1",
        "repeat-string": "1.6.1"
      }
    },
    "amdefine": {
      "version": "1.0.1",
      "resolved": "http://npm.ubiservices.ubi.com/amdefine/-/amdefine-1.0.1/4a5282ac164729e93619bcfd3ad151f817ce91f5.tgz",
      "integrity": "sha1-SlKCrBZHKek2Gbz9OtFR+BfOkfU=",
      "dev": true
    },
    "argparse": {
      "version": "1.0.9",
      "resolved": "http://npm.ubiservices.ubi.com/argparse/-/argparse-1.0.9/73d83bc263f86e97f8cc4f6bae1b0e90a7d22c86.tgz",
      "integrity": "sha1-c9g7wmP4bpf4zE9rrhsOkKfSLIY=",
      "dev": true,
      "requires": {
        "sprintf-js": "1.0.3"
      }
    },
    "async": {
      "version": "1.0.0",
      "resolved": "http://npm.ubiservices.ubi.com/async/-/async-1.0.0/f8fc04ca3a13784ade9e1641af98578cfbd647a9.tgz",
      "integrity": "sha1-+PwEyjoTeErenhZBr5hXjPvWR6k="
    },
    "balanced-match": {
      "version": "1.0.0",
      "resolved": "http://npm.ubiservices.ubi.com/balanced-match/-/balanced-match-1.0.0/89b4d199ab2bee49de164ea02b89ce462d71b767.tgz",
      "integrity": "sha1-ibTRmasr7kneFk6gK4nORi1xt2c=",
      "dev": true
    },
    "brace-expansion": {
      "version": "1.1.8",
      "resolved": "http://npm.ubiservices.ubi.com/brace-expansion/-/brace-expansion-1.1.8/c07b211c7c952ec1f8efd51a77ef0d1d3990a292.tgz",
      "integrity": "sha1-wHshHHyVLsH479Uad+8NHTmQopI=",
      "dev": true,
      "requires": {
        "balanced-match": "1.0.0",
        "concat-map": "0.0.1"
      }
    },
    "camelcase": {
      "version": "1.2.1",
      "resolved": "http://npm.ubiservices.ubi.com/camelcase/-/camelcase-1.2.1/9bb5304d2e0b56698b2c758b08a3eaa9daa58a39.tgz",
      "integrity": "sha1-m7UwTS4LVmmLLHWLCKPqqdqlijk=",
      "dev": true,
      "optional": true
    },
    "center-align": {
      "version": "0.1.3",
      "resolved": "http://npm.ubiservices.ubi.com/center-align/-/center-align-0.1.3/aa0d32629b6ee972200411cbd4461c907bc2b7ad.tgz",
      "integrity": "sha1-qg0yYptu6XIgBBHL1EYckHvCt60=",
      "dev": true,
      "optional": true,
      "requires": {
        "align-text": "0.1.4",
        "lazy-cache": "1.0.4"
      }
    },
    "cliui": {
      "version": "2.1.0",
      "resolved": "http://npm.ubiservices.ubi.com/cliui/-/cliui-2.1.0/4b475760ff80264c762c3a1719032e91c7fea0d1.tgz",
      "integrity": "sha1-S0dXYP+AJkx2LDoXGQMukcf+oNE=",
      "dev": true,
      "optional": true,
      "requires": {
        "center-align": "0.1.3",
        "right-align": "0.1.3",
        "wordwrap": "0.0.2"
      },
      "dependencies": {
        "wordwrap": {
          "version": "0.0.2",
          "resolved": "http://npm.ubiservices.ubi.com/wordwrap/-/wordwrap-0.0.2/b79669bb42ecb409f83d583cad52ca17eaa1643f.tgz",
          "integrity": "sha1-t5Zpu0LstAn4PVg8rVLKF+qhZD8=",
          "dev": true,
          "optional": true
        }
      }
    },
    "colors": {
      "version": "1.0.3",
      "resolved": "http://npm.ubiservices.ubi.com/colors/-/colors-1.0.3/0433f44d809680fdeb60ed260f1b0c262e82a40b.tgz",
      "integrity": "sha1-BDP0TYCWgP3rYO0mDxsMJi6CpAs="
    },
    "concat-map": {
      "version": "0.0.1",
      "resolved": "http://npm.ubiservices.ubi.com/concat-map/-/concat-map-0.0.1/d8a96bd77fd68df7793a73036a3ba0d5405d477b.tgz",
      "integrity": "sha1-2Klr13/Wjfd5OnMDajug1UBdR3s=",
      "dev": true
    },
    "cycle": {
      "version": "1.0.3",
      "resolved": "http://npm.ubiservices.ubi.com/cycle/-/cycle-1.0.3/21e80b2be8580f98b468f379430662b046c34ad2.tgz",
      "integrity": "sha1-IegLK+hYD5i0aPN5QwZisEbDStI="
    },
    "decamelize": {
      "version": "1.2.0",
      "resolved": "http://npm.ubiservices.ubi.com/decamelize/-/decamelize-1.2.0/f6534d15148269b20352e7bee26f501f9a191290.tgz",
      "integrity": "sha1-9lNNFRSCabIDUue+4m9QH5oZEpA=",
      "dev": true,
      "optional": true
    },
    "deep-is": {
      "version": "0.1.3",
      "resolved": "http://npm.ubiservices.ubi.com/deep-is/-/deep-is-0.1.3/b369d6fb5dbc13eecf524f91b070feedc357cf34.tgz",
      "integrity": "sha1-s2nW+128E+7PUk+RsHD+7cNXzzQ=",
      "dev": true
    },
    "escodegen": {
      "version": "1.8.1",
      "resolved": "http://npm.ubiservices.ubi.com/escodegen/-/escodegen-1.8.1/5a5b53af4693110bebb0867aa3430dd3b70a1018.tgz",
      "integrity": "sha1-WltTr0aTEQvrsIZ6o0MN07cKEBg=",
      "dev": true,
      "requires": {
        "esprima": "2.7.3",
        "estraverse": "1.9.3",
        "esutils": "2.0.2",
        "optionator": "0.8.2",
        "source-map": "0.2.0"
      }
    },
    "esprima": {
      "version": "2.7.3",
      "resolved": "http://npm.ubiservices.ubi.com/esprima/-/esprima-2.7.3/96e3b70d5779f6ad49cd032673d1c312767ba581.tgz",
      "integrity": "sha1-luO3DVd59q1JzQMmc9HDEnZ7pYE=",
      "dev": true
    },
    "estraverse": {
      "version": "1.9.3",
      "resolved": "http://npm.ubiservices.ubi.com/estraverse/-/estraverse-1.9.3/af67f2dc922582415950926091a4005d29c9bb44.tgz",
      "integrity": "sha1-r2fy3JIlgkFZUJJgkaQAXSnJu0Q=",
      "dev": true
    },
    "esutils": {
      "version": "2.0.2",
      "resolved": "http://npm.ubiservices.ubi.com/esutils/-/esutils-2.0.2/0abf4f1caa5bcb1f7a9d8acc6dea4faaa04bac9b.tgz",
      "integrity": "sha1-Cr9PHKpbyx96nYrMbepPqqBLrJs=",
      "dev": true
    },
    "events": {
      "version": "1.1.1",
      "resolved": "http://npm.ubiservices.ubi.com/events/-/events-1.1.1/9ebdb7635ad099c70dcc4c2a1f5004288e8bd924.tgz",
      "integrity": "sha1-nr23Y1rQmccNzEwqH1AEKI6L2SQ="
    },
    "exit": {
      "version": "0.1.2",
      "resolved": "http://npm.ubiservices.ubi.com/exit/-/exit-0.1.2/0632638f8d877cc82107d30a0fff1a17cba1cd0c.tgz",
      "integrity": "sha1-BjJjj42HfMghB9MKD/8aF8uhzQw=",
      "dev": true
    },
    "eyes": {
      "version": "0.1.8",
      "resolved": "http://npm.ubiservices.ubi.com/eyes/-/eyes-0.1.8/62cf120234c683785d902348a800ef3e0cc20bc0.tgz",
      "integrity": "sha1-Ys8SAjTGg3hdkCNIqADvPgzCC8A="
    },
    "fast-levenshtein": {
      "version": "2.0.6",
      "resolved": "http://npm.ubiservices.ubi.com/fast-levenshtein/-/fast-levenshtein-2.0.6/3d8a5c66883a16a30ca8643e851f19baa7797917.tgz",
      "integrity": "sha1-PYpcZog6FqMMqGQ+hR8Zuqd5eRc=",
      "dev": true
    },
    "fs.realpath": {
      "version": "1.0.0",
      "resolved": "http://npm.ubiservices.ubi.com/fs.realpath/-/fs.realpath-1.0.0/1504ad2523158caa40db4a2787cb01411994ea4f.tgz",
      "integrity": "sha1-FQStJSMVjKpA20onh8sBQRmU6k8=",
      "dev": true
    },
    "glob": {
      "version": "5.0.15",
      "resolved": "http://npm.ubiservices.ubi.com/glob/-/glob-5.0.15/1bc936b9e02f4a603fcc222ecf7633d30b8b93b1.tgz",
      "integrity": "sha1-G8k2ueAvSmA/zCIuz3Yz0wuLk7E=",
      "dev": true,
      "requires": {
        "inflight": "1.0.6",
        "inherits": "2.0.3",
        "minimatch": "3.0.4",
        "once": "1.4.0",
        "path-is-absolute": "1.0.1"
      }
    },
    "handlebars": {
      "version": "4.0.11",
      "resolved": "http://npm.ubiservices.ubi.com/handlebars/-/handlebars-4.0.11/630a35dfe0294bc281edae6ffc5d329fc7982dcc.tgz",
      "integrity": "sha1-Ywo13+ApS8KB7a5v/F0yn8eYLcw=",
      "dev": true,
      "requires": {
        "async": "1.5.2",
        "optimist": "0.6.1",
        "source-map": "0.4.4",
        "uglify-js": "2.8.29"
      },
      "dependencies": {
        "async": {
          "version": "1.5.2",
          "resolved": "http://npm.ubiservices.ubi.com/async/-/async-1.5.2/ec6a61ae56480c0c3cb241c95618e20892f9672a.tgz",
          "integrity": "sha1-7GphrlZIDAw8skHJVhjiCJL5Zyo=",
          "dev": true
        },
        "source-map": {
          "version": "0.4.4",
          "resolved": "http://npm.ubiservices.ubi.com/source-map/-/source-map-0.4.4/eba4f5da9c0dc999de68032d8b4f76173652036b.tgz",
          "integrity": "sha1-66T12pwNyZneaAMti092FzZSA2s=",
          "dev": true,
          "requires": {
            "amdefine": "1.0.1"
          }
        }
      }
    },
    "has-flag": {
      "version": "1.0.0",
      "resolved": "http://npm.ubiservices.ubi.com/has-flag/-/has-flag-1.0.0/9d9e793165ce017a00f00418c43f942a7b1d11fa.tgz",
      "integrity": "sha1-nZ55MWXOAXoA8AQYxD+UKnsdEfo=",
      "dev": true
    },
    "hoek": {
      "version": "4.2.0",
      "resolved": "http://npm.ubiservices.ubi.com/hoek/-/hoek-4.2.0/72d9d0754f7fe25ca2d01ad8f8f9a9449a89526d.tgz",
      "integrity": "sha512-v0XCLxICi9nPfYrS9RL8HbYnXi9obYAeLbSP00BmnZwCK9+Ih9WOjoZ8YoHCoav2csqn4FOz4Orldsy2dmDwmQ=="
    },
    "inflight": {
      "version": "1.0.6",
      "resolved": "http://npm.ubiservices.ubi.com/inflight/-/inflight-1.0.6/49bd6331d7d02d0c09bc910a1075ba8165b56df9.tgz",
      "integrity": "sha1-Sb1jMdfQLQwJvJEKEHW6gWW1bfk=",
      "dev": true,
      "requires": {
        "once": "1.4.0",
        "wrappy": "1.0.2"
      }
    },
    "inherits": {
      "version": "2.0.3",
      "resolved": "http://npm.ubiservices.ubi.com/inherits/-/inherits-2.0.3/633c2c83e3da42a502f52466022480f4208261de.tgz",
      "integrity": "sha1-Yzwsg+PaQqUC9SRmAiSA9CCCYd4=",
      "dev": true
    },
    "is-buffer": {
      "version": "1.1.6",
      "resolved": "http://npm.ubiservices.ubi.com/is-buffer/-/is-buffer-1.1.6/efaa2ea9daa0d7ab2ea13a97b2b8ad51fefbe8be.tgz",
      "integrity": "sha512-NcdALwpXkTm5Zvvbk7owOUSvVvBKDgKP5/ewfXEznmQFfs4ZRmanOeKBTjRVjka3QFoN6XJ+9F3USqfHqTaU5w==",
      "dev": true
    },
    "isemail": {
      "version": "2.2.1",
      "resolved": "http://npm.ubiservices.ubi.com/isemail/-/isemail-2.2.1/0353d3d9a62951080c262c2aa0a42b8ea8e9e2a6.tgz",
      "integrity": "sha1-A1PT2aYpUQgMJiwqoKQrjqjp4qY="
    },
    "isexe": {
      "version": "2.0.0",
      "resolved": "http://npm.ubiservices.ubi.com/isexe/-/isexe-2.0.0/e8fbf374dc556ff8947a10dcb0572d633f2cfa10.tgz",
      "integrity": "sha1-6PvzdNxVb/iUehDcsFctYz8s+hA=",
      "dev": true
    },
    "isstream": {
      "version": "0.1.2",
      "resolved": "http://npm.ubiservices.ubi.com/isstream/-/isstream-0.1.2/47e63f7af55afa6f92e1500e690eb8b8529c099a.tgz",
      "integrity": "sha1-R+Y/evVa+m+S4VAOaQ64uFKcCZo="
    },
    "istanbul": {
      "version": "0.4.5",
      "resolved": "http://npm.ubiservices.ubi.com/istanbul/-/istanbul-0.4.5/65c7d73d4c4da84d4f3ac310b918fb0b8033733b.tgz",
      "integrity": "sha1-ZcfXPUxNqE1POsMQuRj7C4Azczs=",
      "dev": true,
      "requires": {
        "abbrev": "1.0.9",
        "async": "1.0.0",
        "escodegen": "1.8.1",
        "esprima": "2.7.3",
        "glob": "5.0.15",
        "handlebars": "4.0.11",
        "js-yaml": "3.10.0",
        "mkdirp": "0.5.1",
        "nopt": "3.0.6",
        "once": "1.4.0",
        "resolve": "1.1.7",
        "supports-color": "3.2.3",
        "which": "1.3.0",
        "wordwrap": "1.0.0"
      }
    },
    "items": {
      "version": "2.1.1",
      "resolved": "http://npm.ubiservices.ubi.com/items/-/items-2.1.1/8bd16d9c83b19529de5aea321acaada78364a198.tgz",
      "integrity": "sha1-i9FtnIOxlSneWuoyGsqtp4NkoZg="
    },
    "jasmine": {
      "version": "2.6.0",
      "resolved": "http://npm.ubiservices.ubi.com/jasmine/-/jasmine-2.6.0/6b22e70883e8e589d456346153b4d206ddbe217f.tgz",
      "integrity": "sha1-ayLnCIPo5YnUVjRhU7TSBt2+IX8=",
      "dev": true,
      "requires": {
        "exit": "0.1.2",
        "glob": "7.1.2",
        "jasmine-core": "2.6.4"
      },
      "dependencies": {
        "glob": {
          "version": "7.1.2",
          "resolved": "http://npm.ubiservices.ubi.com/glob/-/glob-7.1.2/c19c9df9a028702d678612384a6552404c636d15.tgz",
          "integrity": "sha512-MJTUg1kjuLeQCJ+ccE4Vpa6kKVXkPYJ2mOCQyUuKLcLQsdrMCpBPUi8qVE6+YuaJkozeA9NusTAw3hLr8Xe5EQ==",
          "dev": true,
          "requires": {
            "fs.realpath": "1.0.0",
            "inflight": "1.0.6",
            "inherits": "2.0.3",
            "minimatch": "3.0.4",
            "once": "1.4.0",
            "path-is-absolute": "1.0.1"
          }
        }
      }
    },
    "jasmine-core": {
      "version": "2.6.4",
      "resolved": "http://npm.ubiservices.ubi.com/jasmine-core/-/jasmine-core-2.6.4/dec926cd0a9fa287fb6db5c755fa487e74cecac5.tgz",
      "integrity": "sha1-3skmzQqfoof7bbXHVfpIfnTOysU=",
      "dev": true
    },
    "joi": {
      "version": "10.6.0",
      "resolved": "http://npm.ubiservices.ubi.com/joi/-/joi-10.6.0/52587f02d52b8b75cdb0c74f0b164a191a0e1fc2.tgz",
      "integrity": "sha512-hBF3LcqyAid+9X/pwg+eXjD2QBZI5eXnBFJYaAkH4SK3mp9QSRiiQnDYlmlz5pccMvnLcJRS4whhDOTCkmsAdQ==",
      "requires": {
        "hoek": "4.2.0",
        "isemail": "2.2.1",
        "items": "2.1.1",
        "topo": "2.0.2"
      }
    },
    "js-yaml": {
      "version": "3.10.0",
      "resolved": "http://npm.ubiservices.ubi.com/js-yaml/-/js-yaml-3.10.0/2e78441646bd4682e963f22b6e92823c309c62dc.tgz",
      "integrity": "sha512-O2v52ffjLa9VeM43J4XocZE//WT9N0IiwDa3KSHH7Tu8CtH+1qM8SIZvnsTh6v+4yFy5KUY3BHUVwjpfAWsjIA==",
      "dev": true,
      "requires": {
        "argparse": "1.0.9",
        "esprima": "4.0.0"
      },
      "dependencies": {
        "esprima": {
          "version": "4.0.0",
          "resolved": "http://npm.ubiservices.ubi.com/esprima/-/esprima-4.0.0/4499eddcd1110e0b218bacf2fa7f7f59f55ca804.tgz",
          "integrity": "sha512-oftTcaMu/EGrEIu904mWteKIv8vMuOgGYo7EhVJJN00R/EED9DCua/xxHRdYnKtcECzVg7xOWhflvJMnqcFZjw==",
          "dev": true
        }
      }
    },
    "kind-of": {
      "version": "3.2.2",
      "resolved": "http://npm.ubiservices.ubi.com/kind-of/-/kind-of-3.2.2/31ea21a734bab9bbb0f32466d893aea51e4a3c64.tgz",
      "integrity": "sha1-MeohpzS6ubuw8yRm2JOupR5KPGQ=",
      "dev": true,
      "requires": {
        "is-buffer": "1.1.6"
      }
    },
    "lazy-cache": {
      "version": "1.0.4",
      "resolved": "http://npm.ubiservices.ubi.com/lazy-cache/-/lazy-cache-1.0.4/a1d78fc3a50474cb80845d3b3b6e1da49a446e8e.tgz",
      "integrity": "sha1-odePw6UEdMuAhF07O24dpJpEbo4=",
      "dev": true,
      "optional": true
    },
    "levn": {
      "version": "0.3.0",
      "resolved": "http://npm.ubiservices.ubi.com/levn/-/levn-0.3.0/3b09924edf9f083c0490fdd4c0bc4421e04764ee.tgz",
      "integrity": "sha1-OwmSTt+fCDwEkP3UwLxEIeBHZO4=",
      "dev": true,
      "requires": {
        "prelude-ls": "1.1.2",
        "type-check": "0.3.2"
      }
    },
    "lodash": {
      "version": "4.17.4",
      "resolved": "http://npm.ubiservices.ubi.com/lodash/-/lodash-4.17.4/78203a4d1c328ae1d86dca6460e369b57f4055ae.tgz",
      "integrity": "sha1-eCA6TRwyiuHYbcpkYONptX9AVa4="
    },
    "longest": {
      "version": "1.0.1",
      "resolved": "http://npm.ubiservices.ubi.com/longest/-/longest-1.0.1/30a0b2da38f73770e8294a0d22e6625ed77d0097.tgz",
      "integrity": "sha1-MKCy2jj3N3DoKUoNIuZiXtd9AJc=",
      "dev": true
    },
    "minimatch": {
      "version": "3.0.4",
      "resolved": "http://npm.ubiservices.ubi.com/minimatch/-/minimatch-3.0.4/5166e286457f03306064be5497e8dbb0c3d32083.tgz",
      "integrity": "sha512-yJHVQEhyqPLUTgt9B83PXu6W3rx4MvvHvSUvToogpwoGDOUQ+yDrR0HRot+yOCdCO7u4hX3pWft6kWBBcqh0UA==",
      "dev": true,
      "requires": {
        "brace-expansion": "1.1.8"
      }
    },
    "minimist": {
      "version": "0.0.10",
      "resolved": "http://npm.ubiservices.ubi.com/minimist/-/minimist-0.0.10/de3f98543dbf96082be48ad1a0c7cda836301dcf.tgz",
      "integrity": "sha1-3j+YVD2/lggr5IrRoMfNqDYwHc8=",
      "dev": true
    },
    "mkdirp": {
      "version": "0.5.1",
      "resolved": "http://npm.ubiservices.ubi.com/mkdirp/-/mkdirp-0.5.1/30057438eac6cf7f8c4767f38648d6697d75c903.tgz",
      "integrity": "sha1-MAV0OOrGz3+MR2fzhkjWaX11yQM=",
      "dev": true,
      "requires": {
        "minimist": "0.0.8"
      },
      "dependencies": {
        "minimist": {
          "version": "0.0.8",
          "resolved": "http://npm.ubiservices.ubi.com/minimist/-/minimist-0.0.8/857fcabfc3397d2625b8228262e86aa7a011b05d.tgz",
          "integrity": "sha1-hX/Kv8M5fSYluCKCYuhqp6ARsF0=",
          "dev": true
        }
      }
    },
    "nopt": {
      "version": "3.0.6",
      "resolved": "http://npm.ubiservices.ubi.com/nopt/-/nopt-3.0.6/c6465dbf08abcd4db359317f79ac68a646b28ff9.tgz",
      "integrity": "sha1-xkZdvwirzU2zWTF/eaxopkayj/k=",
      "dev": true,
      "requires": {
        "abbrev": "1.0.9"
      }
    },
    "once": {
      "version": "1.4.0",
      "resolved": "http://npm.ubiservices.ubi.com/once/-/once-1.4.0/583b1aa775961d4b113ac17d9c50baef9dd76bd1.tgz",
      "integrity": "sha1-WDsap3WWHUsROsF9nFC6753Xa9E=",
      "dev": true,
      "requires": {
        "wrappy": "1.0.2"
      }
    },
    "optimist": {
      "version": "0.6.1",
      "resolved": "http://npm.ubiservices.ubi.com/optimist/-/optimist-0.6.1/da3ea74686fa21a19a111c326e90eb15a0196686.tgz",
      "integrity": "sha1-2j6nRob6IaGaERwybpDrFaAZZoY=",
      "dev": true,
      "requires": {
        "minimist": "0.0.10",
        "wordwrap": "0.0.3"
      },
      "dependencies": {
        "wordwrap": {
          "version": "0.0.3",
          "resolved": "http://npm.ubiservices.ubi.com/wordwrap/-/wordwrap-0.0.3/a3d5da6cd5c0bc0008d37234bbaf1bed63059107.tgz",
          "integrity": "sha1-o9XabNXAvAAI03I0u68b7WMFkQc=",
          "dev": true
        }
      }
    },
    "optionator": {
      "version": "0.8.2",
      "resolved": "http://npm.ubiservices.ubi.com/optionator/-/optionator-0.8.2/364c5e409d3f4d6301d6c0b4c05bba50180aeb64.tgz",
      "integrity": "sha1-NkxeQJ0/TWMB1sC0wFu6UBgK62Q=",
      "dev": true,
      "requires": {
        "deep-is": "0.1.3",
        "fast-levenshtein": "2.0.6",
        "levn": "0.3.0",
        "prelude-ls": "1.1.2",
        "type-check": "0.3.2",
        "wordwrap": "1.0.0"
      }
    },
    "path-is-absolute": {
      "version": "1.0.1",
      "resolved": "http://npm.ubiservices.ubi.com/path-is-absolute/-/path-is-absolute-1.0.1/174b9268735534ffbc7ace6bf53a5a9e1b5c5f5f.tgz",
      "integrity": "sha1-F0uSaHNVNP+8es5r9TpanhtcX18=",
      "dev": true
    },
    "prelude-ls": {
      "version": "1.1.2",
      "resolved": "http://npm.ubiservices.ubi.com/prelude-ls/-/prelude-ls-1.1.2/21932a549f5e52ffd9a827f570e04be62a97da54.tgz",
      "integrity": "sha1-IZMqVJ9eUv/ZqCf1cOBL5iqX2lQ=",
      "dev": true
    },
    "repeat-string": {
      "version": "1.6.1",
      "resolved": "http://npm.ubiservices.ubi.com/repeat-string/-/repeat-string-1.6.1/8dcae470e1c88abc2d600fff4a776286da75e637.tgz",
      "integrity": "sha1-jcrkcOHIirwtYA//Sndihtp15jc=",
      "dev": true
    },
    "resolve": {
      "version": "1.1.7",
      "resolved": "http://npm.ubiservices.ubi.com/resolve/-/resolve-1.1.7/203114d82ad2c5ed9e8e0411b3932875e889e97b.tgz",
      "integrity": "sha1-IDEU2CrSxe2ejgQRs5ModeiJ6Xs=",
      "dev": true
    },
    "right-align": {
      "version": "0.1.3",
      "resolved": "http://npm.ubiservices.ubi.com/right-align/-/right-align-0.1.3/61339b722fe6a3515689210d24e14c96148613ef.tgz",
      "integrity": "sha1-YTObci/mo1FWiSENJOFMlhSGE+8=",
      "dev": true,
      "optional": true,
      "requires": {
        "align-text": "0.1.4"
      }
    },
    "source-map": {
      "version": "0.2.0",
      "resolved": "http://npm.ubiservices.ubi.com/source-map/-/source-map-0.2.0/dab73fbcfc2ba819b4de03bd6f6eaa48164b3f9d.tgz",
      "integrity": "sha1-2rc/vPwrqBm03gO9b26qSBZLP50=",
      "dev": true,
      "optional": true,
      "requires": {
        "amdefine": "1.0.1"
      }
    },
    "sprintf-js": {
      "version": "1.0.3",
      "resolved": "http://npm.ubiservices.ubi.com/sprintf-js/-/sprintf-js-1.0.3/04e6926f662895354f3dd015203633b857297e2c.tgz",
      "integrity": "sha1-BOaSb2YolTVPPdAVIDYzuFcpfiw=",
      "dev": true
    },
    "stack-trace": {
      "version": "0.0.10",
      "resolved": "http://npm.ubiservices.ubi.com/stack-trace/-/stack-trace-0.0.10/547c70b347e8d32b4e108ea1a2a159e5fdde19c0.tgz",
      "integrity": "sha1-VHxws0fo0ytOEI6hoqFZ5f3eGcA="
    },
    "supports-color": {
      "version": "3.2.3",
      "resolved": "http://npm.ubiservices.ubi.com/supports-color/-/supports-color-3.2.3/65ac0504b3954171d8a64946b2ae3cbb8a5f54f6.tgz",
      "integrity": "sha1-ZawFBLOVQXHYpklGsq48u4pfVPY=",
      "dev": true,
      "requires": {
        "has-flag": "1.0.0"
      }
    },
    "topo": {
      "version": "2.0.2",
      "resolved": "http://npm.ubiservices.ubi.com/topo/-/topo-2.0.2/cd5615752539057c0dc0491a621c3bc6fbe1d182.tgz",
      "integrity": "sha1-zVYVdSU5BXwNwEkaYhw7xvvh0YI=",
      "requires": {
        "hoek": "4.2.0"
      }
    },
    "type-check": {
      "version": "0.3.2",
      "resolved": "http://npm.ubiservices.ubi.com/type-check/-/type-check-0.3.2/5884cab512cf1d355e3fb784f30804b2b520db72.tgz",
      "integrity": "sha1-WITKtRLPHTVeP7eE8wgEsrUg23I=",
      "dev": true,
      "requires": {
        "prelude-ls": "1.1.2"
      }
    },
    "uglify-js": {
      "version": "2.8.29",
      "resolved": "http://npm.ubiservices.ubi.com/uglify-js/-/uglify-js-2.8.29/29c5733148057bb4e1f75df35b7a9cb72e6a59dd.tgz",
      "integrity": "sha1-KcVzMUgFe7Th913zW3qcty5qWd0=",
      "dev": true,
      "optional": true,
      "requires": {
        "source-map": "0.5.7",
        "uglify-to-browserify": "1.0.2",
        "yargs": "3.10.0"
      },
      "dependencies": {
        "source-map": {
          "version": "0.5.7",
          "resolved": "http://npm.ubiservices.ubi.com/source-map/-/source-map-0.5.7/8a039d2d1021d22d1ea14c80d8ea468ba2ef3fcc.tgz",
          "integrity": "sha1-igOdLRAh0i0eoUyA2OpGi6LvP8w=",
          "dev": true,
          "optional": true
        }
      }
    },
    "uglify-to-browserify": {
      "version": "1.0.2",
      "resolved": "http://npm.ubiservices.ubi.com/uglify-to-browserify/-/uglify-to-browserify-1.0.2/6e0924d6bda6b5afe349e39a6d632850a0f882b7.tgz",
      "integrity": "sha1-bgkk1r2mta/jSeOabWMoUKD4grc=",
      "dev": true,
      "optional": true
    },
    "uuid": {
      "version": "3.0.1",
      "resolved": "http://npm.ubiservices.ubi.com/uuid/-/uuid-3.0.1/6544bba2dfda8c1cf17e629a3a305e2bb1fee6c1.tgz",
      "integrity": "sha1-ZUS7ot/ajBzxfmKaOjBeK7H+5sE="
    },
    "which": {
      "version": "1.3.0",
      "resolved": "http://npm.ubiservices.ubi.com/which/-/which-1.3.0/ff04bdfc010ee547d780bec38e1ac1c2777d253a.tgz",
      "integrity": "sha512-xcJpopdamTuY5duC/KnTTNBraPK54YwpenP4lzxU8H91GudWpFv38u0CKjclE1Wi2EH2EDz5LRcHcKbCIzqGyg==",
      "dev": true,
      "requires": {
        "isexe": "2.0.0"
      }
    },
    "window-size": {
      "version": "0.1.0",
      "resolved": "http://npm.ubiservices.ubi.com/window-size/-/window-size-0.1.0/5438cd2ea93b202efa3a19fe8887aee7c94f9c9d.tgz",
      "integrity": "sha1-VDjNLqk7IC76Ohn+iIeu58lPnJ0=",
      "dev": true,
      "optional": true
    },
    "winston": {
      "version": "2.3.1",
      "resolved": "http://npm.ubiservices.ubi.com/winston/-/winston-2.3.1/0b48420d978c01804cf0230b648861598225a119.tgz",
      "integrity": "sha1-C0hCDZeMAYBM8CMLZIhhWYIloRk=",
      "requires": {
        "async": "1.0.0",
        "colors": "1.0.3",
        "cycle": "1.0.3",
        "eyes": "0.1.8",
        "isstream": "0.1.2",
        "stack-trace": "0.0.10"
      }
    },
    "wordwrap": {
      "version": "1.0.0",
      "resolved": "http://npm.ubiservices.ubi.com/wordwrap/-/wordwrap-1.0.0/27584810891456a4171c8d0226441ade90cbcaeb.tgz",
      "integrity": "sha1-J1hIEIkUVqQXHI0CJkQa3pDLyus=",
      "dev": true
    },
    "wrappy": {
      "version": "1.0.2",
      "resolved": "http://npm.ubiservices.ubi.com/wrappy/-/wrappy-1.0.2/b5243d8f3ec1aa35f1364605bc0d1036e30ab69f.tgz",
      "integrity": "sha1-tSQ9jz7BqjXxNkYFvA0QNuMKtp8=",
      "dev": true
    },
    "yargs": {
      "version": "3.10.0",
      "resolved": "http://npm.ubiservices.ubi.com/yargs/-/yargs-3.10.0/f7ee7bd857dd7c1d2d38c0e74efbd681d1431fd1.tgz",
      "integrity": "sha1-9+572FfdfB0tOMDnTvvWgdFDH9E=",
      "dev": true,
      "optional": true,
      "requires": {
        "camelcase": "1.2.1",
        "cliui": "2.1.0",
        "decamelize": "1.2.0",
        "window-size": "0.1.0"
      }
    }
  }
}
